// !$*UTF8*$!
{
	archiveVersion = 1;
	classes = {
	};
	objectVersion = 56;
	objects = {

/* Begin PBXBuildFile section */
		A22367AD29D5187900EB9495 /* ResultadoConsultaPlacaVC.swift in Sources */ = {isa = PBXBuildFile; fileRef = A22367AC29D5187900EB9495 /* ResultadoConsultaPlacaVC.swift */; };
		A230268F29CE894D0016EFAF /* AppDelegate.swift in Sources */ = {isa = PBXBuildFile; fileRef = A230268E29CE894D0016EFAF /* AppDelegate.swift */; };
		A230269129CE894D0016EFAF /* SceneDelegate.swift in Sources */ = {isa = PBXBuildFile; fileRef = A230269029CE894D0016EFAF /* SceneDelegate.swift */; };
		A230269329CE894D0016EFAF /* ViewController.swift in Sources */ = {isa = PBXBuildFile; fileRef = A230269229CE894D0016EFAF /* ViewController.swift */; };
		A230269629CE894D0016EFAF /* Main.storyboard in Resources */ = {isa = PBXBuildFile; fileRef = A230269429CE894D0016EFAF /* Main.storyboard */; };
		A230269929CE894D0016EFAF /* Consulta_Placa_Fipe.xcdatamodeld in Sources */ = {isa = PBXBuildFile; fileRef = A230269729CE894D0016EFAF /* Consulta_Placa_Fipe.xcdatamodeld */; };
		A230269E29CE89500016EFAF /* LaunchScreen.storyboard in Resources */ = {isa = PBXBuildFile; fileRef = A230269C29CE89500016EFAF /* LaunchScreen.storyboard */; };
		A23026A729CEB21D0016EFAF /* Lottie in Frameworks */ = {isa = PBXBuildFile; productRef = A23026A629CEB21D0016EFAF /* Lottie */; };
		A23026AE29CEB3F00016EFAF /* loading_car_white.json in Resources */ = {isa = PBXBuildFile; fileRef = A23026AB29CEB3F00016EFAF /* loading_car_white.json */; };
		A23026AF29CEB3F00016EFAF /* splashScreen.json in Resources */ = {isa = PBXBuildFile; fileRef = A23026AC29CEB3F00016EFAF /* splashScreen.json */; };
		A23026B029CEB3F00016EFAF /* loading_car_black.json in Resources */ = {isa = PBXBuildFile; fileRef = A23026AD29CEB3F00016EFAF /* loading_car_black.json */; };
		A23026B329CEB3FF0016EFAF /* Colors.xcassets in Resources */ = {isa = PBXBuildFile; fileRef = A23026B129CEB3FD0016EFAF /* Colors.xcassets */; };
		A23026B429CEB3FF0016EFAF /* Assets.xcassets in Resources */ = {isa = PBXBuildFile; fileRef = A23026B229CEB3FF0016EFAF /* Assets.xcassets */; };
		A23026B729CEB4240016EFAF /* GL-Nummernschild-Eng.ttf in Resources */ = {isa = PBXBuildFile; fileRef = A23026B629CEB4240016EFAF /* GL-Nummernschild-Eng.ttf */; };
		A23026BF29CEB6060016EFAF /* AlertController.swift in Sources */ = {isa = PBXBuildFile; fileRef = A23026BD29CEB5D50016EFAF /* AlertController.swift */; };
		A23026C029CEB6090016EFAF /* AnimationLoading.swift in Sources */ = {isa = PBXBuildFile; fileRef = A23026BE29CEB5D60016EFAF /* AnimationLoading.swift */; };
		A23026CD29CEB7550016EFAF /* ConsultaPlacaServiceAPI.swift in Sources */ = {isa = PBXBuildFile; fileRef = A23026CC29CEB7550016EFAF /* ConsultaPlacaServiceAPI.swift */; };
		A23026D029CEB7CF0016EFAF /* ConsultaPlacaViewModel.swift in Sources */ = {isa = PBXBuildFile; fileRef = A23026CF29CEB7CF0016EFAF /* ConsultaPlacaViewModel.swift */; };
		A23026D429CEB7E40016EFAF /* VehicleTypeModel.swift in Sources */ = {isa = PBXBuildFile; fileRef = A23026D229CEB7E40016EFAF /* VehicleTypeModel.swift */; };
		A23026D529CEB7E40016EFAF /* ConsultaPlacaModel.swift in Sources */ = {isa = PBXBuildFile; fileRef = A23026D329CEB7E40016EFAF /* ConsultaPlacaModel.swift */; };
		A23026D629CEB8B60016EFAF /* UIColorExtension.swift in Sources */ = {isa = PBXBuildFile; fileRef = A23026C229CEB6740016EFAF /* UIColorExtension.swift */; };
		A23026E229D0BB420016EFAF /* ConsultaPlaca.storyboard in Resources */ = {isa = PBXBuildFile; fileRef = A23026E029D0BB420016EFAF /* ConsultaPlaca.storyboard */; };
		A23026E429D0BB550016EFAF /* TabelaFipe.storyboard in Resources */ = {isa = PBXBuildFile; fileRef = A23026E329D0BB550016EFAF /* TabelaFipe.storyboard */; };
		A23026E729D0BB690016EFAF /* Favoritos.storyboard in Resources */ = {isa = PBXBuildFile; fileRef = A23026E529D0BB690016EFAF /* Favoritos.storyboard */; };
		A23026E929D0BB750016EFAF /* Configuracoes.storyboard in Resources */ = {isa = PBXBuildFile; fileRef = A23026E829D0BB750016EFAF /* Configuracoes.storyboard */; };
		A23026EC29D0BC4A0016EFAF /* ConsultaPlacaVC.swift in Sources */ = {isa = PBXBuildFile; fileRef = A23026EB29D0BC4A0016EFAF /* ConsultaPlacaVC.swift */; };
		A266D72129E605290093A2F2 /* Reachability in Frameworks */ = {isa = PBXBuildFile; productRef = A266D72029E605290093A2F2 /* Reachability */; };
		A267F59D29DF64830006E817 /* FavoritosVC.swift in Sources */ = {isa = PBXBuildFile; fileRef = A267F59C29DF64830006E817 /* FavoritosVC.swift */; };
		A267F5A129DFCE970006E817 /* GoogleService-Info.plist in Resources */ = {isa = PBXBuildFile; fileRef = A267F5A029DFCE960006E817 /* GoogleService-Info.plist */; };
		A267F5B529E0D8F00006E817 /* FirebaseAnalytics in Frameworks */ = {isa = PBXBuildFile; productRef = A267F5B429E0D8F00006E817 /* FirebaseAnalytics */; };
		A267F5B729E0D8F00006E817 /* FirebaseAuth in Frameworks */ = {isa = PBXBuildFile; productRef = A267F5B629E0D8F00006E817 /* FirebaseAuth */; };
		A267F5B929E0D8F00006E817 /* FirebaseCrashlytics in Frameworks */ = {isa = PBXBuildFile; productRef = A267F5B829E0D8F00006E817 /* FirebaseCrashlytics */; };
		A267F5BB29E0D8F00006E817 /* FirebaseFirestore in Frameworks */ = {isa = PBXBuildFile; productRef = A267F5BA29E0D8F00006E817 /* FirebaseFirestore */; };
		A267F5BD29E0D8F00006E817 /* FirebaseMessaging in Frameworks */ = {isa = PBXBuildFile; productRef = A267F5BC29E0D8F00006E817 /* FirebaseMessaging */; };
		A267F5BF29E0D8F00006E817 /* FirebaseRemoteConfig in Frameworks */ = {isa = PBXBuildFile; productRef = A267F5BE29E0D8F00006E817 /* FirebaseRemoteConfig */; };
		A267F5C129E0D8F00006E817 /* FirebaseStorage in Frameworks */ = {isa = PBXBuildFile; productRef = A267F5C029E0D8F00006E817 /* FirebaseStorage */; };
		A267F5C429E0E9D60006E817 /* GoogleMobileAds in Frameworks */ = {isa = PBXBuildFile; productRef = A267F5C329E0E9D60006E817 /* GoogleMobileAds */; };
		A29402E829D24DDE003EA6EC /* UITextFieldExtension.swift in Sources */ = {isa = PBXBuildFile; fileRef = A29402E529D24DDD003EA6EC /* UITextFieldExtension.swift */; };
		A29402E929D24DDE003EA6EC /* NSMutableAttributedStringExtension.swift in Sources */ = {isa = PBXBuildFile; fileRef = A29402E629D24DDD003EA6EC /* NSMutableAttributedStringExtension.swift */; };
		A29402EA29D24DDE003EA6EC /* UIDeviceExtension.swift in Sources */ = {isa = PBXBuildFile; fileRef = A29402E729D24DDD003EA6EC /* UIDeviceExtension.swift */; };
		A2C8CCE629D85E85000196D2 /* TabelaFipeVC.swift in Sources */ = {isa = PBXBuildFile; fileRef = A2C8CCE529D85E85000196D2 /* TabelaFipeVC.swift */; };
		A2C8CCE929D85F6C000196D2 /* TabelaFipeVeiculoCell.swift in Sources */ = {isa = PBXBuildFile; fileRef = A2C8CCE829D85F6C000196D2 /* TabelaFipeVeiculoCell.swift */; };
		A2C8CCED29D8DBFB000196D2 /* MarcasFipeVC.swift in Sources */ = {isa = PBXBuildFile; fileRef = A2C8CCEC29D8DBFB000196D2 /* MarcasFipeVC.swift */; };
		A2C8CCEF29D8DD63000196D2 /* TabelaFipeGenericCell.swift in Sources */ = {isa = PBXBuildFile; fileRef = A2C8CCEE29D8DD63000196D2 /* TabelaFipeGenericCell.swift */; };
		A2C8CCF129D8DE08000196D2 /* FipeReferenceMonthAPI.swift in Sources */ = {isa = PBXBuildFile; fileRef = A2C8CCF029D8DE08000196D2 /* FipeReferenceMonthAPI.swift */; };
		A2C8CCF329D8DE45000196D2 /* GenericFipeModel.swift in Sources */ = {isa = PBXBuildFile; fileRef = A2C8CCF229D8DE45000196D2 /* GenericFipeModel.swift */; };
		A2C8CCF529D8DF57000196D2 /* ReferenceMonthModel.swift in Sources */ = {isa = PBXBuildFile; fileRef = A2C8CCF429D8DF57000196D2 /* ReferenceMonthModel.swift */; };
		A2C8CCF729D8DFD4000196D2 /* VehicleModelsModel.swift in Sources */ = {isa = PBXBuildFile; fileRef = A2C8CCF629D8DFD4000196D2 /* VehicleModelsModel.swift */; };
		A2C8CCF929D8E047000196D2 /* CompleteFipeModel.swift in Sources */ = {isa = PBXBuildFile; fileRef = A2C8CCF829D8E047000196D2 /* CompleteFipeModel.swift */; };
		A2C8CCFC29D8E1CB000196D2 /* TabelaFipeViewModel.swift in Sources */ = {isa = PBXBuildFile; fileRef = A2C8CCFB29D8E1CB000196D2 /* TabelaFipeViewModel.swift */; };
		A2C8CCFE29D9F0D6000196D2 /* UtilsPreference.swift in Sources */ = {isa = PBXBuildFile; fileRef = A2C8CCFD29D9F0D6000196D2 /* UtilsPreference.swift */; };
		A2C8CD0029D9F8EF000196D2 /* FipeBrandsAPI.swift in Sources */ = {isa = PBXBuildFile; fileRef = A2C8CCFF29D9F8EF000196D2 /* FipeBrandsAPI.swift */; };
		A2C8CD0229D9F9A0000196D2 /* BaseURLServices.swift in Sources */ = {isa = PBXBuildFile; fileRef = A2C8CD0129D9F9A0000196D2 /* BaseURLServices.swift */; };
		A2C8CD0629DA4DFA000196D2 /* ModelosFipeVC.swift in Sources */ = {isa = PBXBuildFile; fileRef = A2C8CD0529DA4DFA000196D2 /* ModelosFipeVC.swift */; };
		A2C8CD0829DA4E67000196D2 /* FipeModelsAPI.swift in Sources */ = {isa = PBXBuildFile; fileRef = A2C8CD0729DA4E67000196D2 /* FipeModelsAPI.swift */; };
		A2C8CD0A29DA4F0D000196D2 /* MarcasFipeViewModel.swift in Sources */ = {isa = PBXBuildFile; fileRef = A2C8CD0929DA4F0D000196D2 /* MarcasFipeViewModel.swift */; };
		A2C8CD0C29DA5D0E000196D2 /* AnoFipeVC.swift in Sources */ = {isa = PBXBuildFile; fileRef = A2C8CD0B29DA5D0E000196D2 /* AnoFipeVC.swift */; };
		A2C8CD0E29DA5DDD000196D2 /* FipeYearModelAPI.swift in Sources */ = {isa = PBXBuildFile; fileRef = A2C8CD0D29DA5DDD000196D2 /* FipeYearModelAPI.swift */; };
		A2C8CD1029DA5E68000196D2 /* AnoModeloFipeViewModel.swift in Sources */ = {isa = PBXBuildFile; fileRef = A2C8CD0F29DA5E68000196D2 /* AnoModeloFipeViewModel.swift */; };
		A2C8CD1229DA6862000196D2 /* ResultadoFipeVC.swift in Sources */ = {isa = PBXBuildFile; fileRef = A2C8CD1129DA6862000196D2 /* ResultadoFipeVC.swift */; };
		A2C8CD1429DA6A92000196D2 /* FipeCompleteAPI.swift in Sources */ = {isa = PBXBuildFile; fileRef = A2C8CD1329DA6A92000196D2 /* FipeCompleteAPI.swift */; };
		A2C8CD1629DA6EFD000196D2 /* CompleteFipeViewModel.swift in Sources */ = {isa = PBXBuildFile; fileRef = A2C8CD1529DA6EFD000196D2 /* CompleteFipeViewModel.swift */; };
/* End PBXBuildFile section */

/* Begin PBXFileReference section */
		A22367AC29D5187900EB9495 /* ResultadoConsultaPlacaVC.swift */ = {isa = PBXFileReference; lastKnownFileType = sourcecode.swift; path = ResultadoConsultaPlacaVC.swift; sourceTree = "<group>"; };
		A230268B29CE894D0016EFAF /* Consulta Placa Fipe.app */ = {isa = PBXFileReference; explicitFileType = wrapper.application; includeInIndex = 0; path = "Consulta Placa Fipe.app"; sourceTree = BUILT_PRODUCTS_DIR; };
		A230268E29CE894D0016EFAF /* AppDelegate.swift */ = {isa = PBXFileReference; lastKnownFileType = sourcecode.swift; path = AppDelegate.swift; sourceTree = "<group>"; };
		A230269029CE894D0016EFAF /* SceneDelegate.swift */ = {isa = PBXFileReference; lastKnownFileType = sourcecode.swift; path = SceneDelegate.swift; sourceTree = "<group>"; };
		A230269229CE894D0016EFAF /* ViewController.swift */ = {isa = PBXFileReference; lastKnownFileType = sourcecode.swift; path = ViewController.swift; sourceTree = "<group>"; };
		A230269529CE894D0016EFAF /* Base */ = {isa = PBXFileReference; lastKnownFileType = file.storyboard; name = Base; path = Base.lproj/Main.storyboard; sourceTree = "<group>"; };
		A230269829CE894D0016EFAF /* Consulta_Placa_Fipe.xcdatamodel */ = {isa = PBXFileReference; lastKnownFileType = wrapper.xcdatamodel; path = Consulta_Placa_Fipe.xcdatamodel; sourceTree = "<group>"; };
		A230269D29CE89500016EFAF /* Base */ = {isa = PBXFileReference; lastKnownFileType = file.storyboard; name = Base; path = Base.lproj/LaunchScreen.storyboard; sourceTree = "<group>"; };
		A230269F29CE89500016EFAF /* Info.plist */ = {isa = PBXFileReference; lastKnownFileType = text.plist.xml; path = Info.plist; sourceTree = "<group>"; };
		A23026AB29CEB3F00016EFAF /* loading_car_white.json */ = {isa = PBXFileReference; fileEncoding = 4; lastKnownFileType = text.json; path = loading_car_white.json; sourceTree = "<group>"; };
		A23026AC29CEB3F00016EFAF /* splashScreen.json */ = {isa = PBXFileReference; fileEncoding = 4; lastKnownFileType = text.json; path = splashScreen.json; sourceTree = "<group>"; };
		A23026AD29CEB3F00016EFAF /* loading_car_black.json */ = {isa = PBXFileReference; fileEncoding = 4; lastKnownFileType = text.json; path = loading_car_black.json; sourceTree = "<group>"; };
		A23026B129CEB3FD0016EFAF /* Colors.xcassets */ = {isa = PBXFileReference; lastKnownFileType = folder.assetcatalog; path = Colors.xcassets; sourceTree = "<group>"; };
		A23026B229CEB3FF0016EFAF /* Assets.xcassets */ = {isa = PBXFileReference; lastKnownFileType = folder.assetcatalog; path = Assets.xcassets; sourceTree = "<group>"; };
		A23026B629CEB4240016EFAF /* GL-Nummernschild-Eng.ttf */ = {isa = PBXFileReference; lastKnownFileType = file; path = "GL-Nummernschild-Eng.ttf"; sourceTree = "<group>"; };
		A23026BD29CEB5D50016EFAF /* AlertController.swift */ = {isa = PBXFileReference; lastKnownFileType = sourcecode.swift; path = AlertController.swift; sourceTree = "<group>"; };
		A23026BE29CEB5D60016EFAF /* AnimationLoading.swift */ = {isa = PBXFileReference; lastKnownFileType = sourcecode.swift; path = AnimationLoading.swift; sourceTree = "<group>"; };
		A23026C229CEB6740016EFAF /* UIColorExtension.swift */ = {isa = PBXFileReference; lastKnownFileType = sourcecode.swift; path = UIColorExtension.swift; sourceTree = "<group>"; };
		A23026CC29CEB7550016EFAF /* ConsultaPlacaServiceAPI.swift */ = {isa = PBXFileReference; fileEncoding = 4; lastKnownFileType = sourcecode.swift; path = ConsultaPlacaServiceAPI.swift; sourceTree = "<group>"; };
		A23026CF29CEB7CF0016EFAF /* ConsultaPlacaViewModel.swift */ = {isa = PBXFileReference; fileEncoding = 4; lastKnownFileType = sourcecode.swift; path = ConsultaPlacaViewModel.swift; sourceTree = "<group>"; };
		A23026D229CEB7E40016EFAF /* VehicleTypeModel.swift */ = {isa = PBXFileReference; fileEncoding = 4; lastKnownFileType = sourcecode.swift; path = VehicleTypeModel.swift; sourceTree = "<group>"; };
		A23026D329CEB7E40016EFAF /* ConsultaPlacaModel.swift */ = {isa = PBXFileReference; fileEncoding = 4; lastKnownFileType = sourcecode.swift; path = ConsultaPlacaModel.swift; sourceTree = "<group>"; };
		A23026E129D0BB420016EFAF /* Base */ = {isa = PBXFileReference; lastKnownFileType = file.storyboard; name = Base; path = "Consulta Placa Fipe/Views/Base.lproj/ConsultaPlaca.storyboard"; sourceTree = "<group>"; };
		A23026E329D0BB550016EFAF /* TabelaFipe.storyboard */ = {isa = PBXFileReference; fileEncoding = 4; lastKnownFileType = file.storyboard; path = TabelaFipe.storyboard; sourceTree = "<group>"; };
		A23026E629D0BB690016EFAF /* Base */ = {isa = PBXFileReference; lastKnownFileType = file.storyboard; name = Base; path = "Consulta Placa Fipe/Views/Base.lproj/Favoritos.storyboard"; sourceTree = "<group>"; };
		A23026E829D0BB750016EFAF /* Configuracoes.storyboard */ = {isa = PBXFileReference; fileEncoding = 4; lastKnownFileType = file.storyboard; path = Configuracoes.storyboard; sourceTree = "<group>"; };
		A23026EB29D0BC4A0016EFAF /* ConsultaPlacaVC.swift */ = {isa = PBXFileReference; lastKnownFileType = sourcecode.swift; path = ConsultaPlacaVC.swift; sourceTree = "<group>"; };
		A267F59C29DF64830006E817 /* FavoritosVC.swift */ = {isa = PBXFileReference; lastKnownFileType = sourcecode.swift; path = FavoritosVC.swift; sourceTree = "<group>"; };
		A267F5A029DFCE960006E817 /* GoogleService-Info.plist */ = {isa = PBXFileReference; fileEncoding = 4; lastKnownFileType = text.plist.xml; path = "GoogleService-Info.plist"; sourceTree = "<group>"; };
		A267F5B229E0D6880006E817 /* Consulta Placa Fipe.entitlements */ = {isa = PBXFileReference; lastKnownFileType = text.plist.entitlements; path = "Consulta Placa Fipe.entitlements"; sourceTree = "<group>"; };
		A29402E529D24DDD003EA6EC /* UITextFieldExtension.swift */ = {isa = PBXFileReference; fileEncoding = 4; lastKnownFileType = sourcecode.swift; path = UITextFieldExtension.swift; sourceTree = "<group>"; };
		A29402E629D24DDD003EA6EC /* NSMutableAttributedStringExtension.swift */ = {isa = PBXFileReference; fileEncoding = 4; lastKnownFileType = sourcecode.swift; path = NSMutableAttributedStringExtension.swift; sourceTree = "<group>"; };
		A29402E729D24DDD003EA6EC /* UIDeviceExtension.swift */ = {isa = PBXFileReference; fileEncoding = 4; lastKnownFileType = sourcecode.swift; path = UIDeviceExtension.swift; sourceTree = "<group>"; };
		A2C8CCE529D85E85000196D2 /* TabelaFipeVC.swift */ = {isa = PBXFileReference; lastKnownFileType = sourcecode.swift; path = TabelaFipeVC.swift; sourceTree = "<group>"; };
		A2C8CCE829D85F6C000196D2 /* TabelaFipeVeiculoCell.swift */ = {isa = PBXFileReference; lastKnownFileType = sourcecode.swift; path = TabelaFipeVeiculoCell.swift; sourceTree = "<group>"; };
		A2C8CCEC29D8DBFB000196D2 /* MarcasFipeVC.swift */ = {isa = PBXFileReference; lastKnownFileType = sourcecode.swift; path = MarcasFipeVC.swift; sourceTree = "<group>"; };
		A2C8CCEE29D8DD63000196D2 /* TabelaFipeGenericCell.swift */ = {isa = PBXFileReference; lastKnownFileType = sourcecode.swift; path = TabelaFipeGenericCell.swift; sourceTree = "<group>"; };
		A2C8CCF029D8DE08000196D2 /* FipeReferenceMonthAPI.swift */ = {isa = PBXFileReference; lastKnownFileType = sourcecode.swift; path = FipeReferenceMonthAPI.swift; sourceTree = "<group>"; };
		A2C8CCF229D8DE45000196D2 /* GenericFipeModel.swift */ = {isa = PBXFileReference; lastKnownFileType = sourcecode.swift; path = GenericFipeModel.swift; sourceTree = "<group>"; };
		A2C8CCF429D8DF57000196D2 /* ReferenceMonthModel.swift */ = {isa = PBXFileReference; lastKnownFileType = sourcecode.swift; path = ReferenceMonthModel.swift; sourceTree = "<group>"; };
		A2C8CCF629D8DFD4000196D2 /* VehicleModelsModel.swift */ = {isa = PBXFileReference; lastKnownFileType = sourcecode.swift; path = VehicleModelsModel.swift; sourceTree = "<group>"; };
		A2C8CCF829D8E047000196D2 /* CompleteFipeModel.swift */ = {isa = PBXFileReference; lastKnownFileType = sourcecode.swift; path = CompleteFipeModel.swift; sourceTree = "<group>"; };
		A2C8CCFB29D8E1CB000196D2 /* TabelaFipeViewModel.swift */ = {isa = PBXFileReference; lastKnownFileType = sourcecode.swift; path = TabelaFipeViewModel.swift; sourceTree = "<group>"; };
		A2C8CCFD29D9F0D6000196D2 /* UtilsPreference.swift */ = {isa = PBXFileReference; lastKnownFileType = sourcecode.swift; path = UtilsPreference.swift; sourceTree = "<group>"; };
		A2C8CCFF29D9F8EF000196D2 /* FipeBrandsAPI.swift */ = {isa = PBXFileReference; lastKnownFileType = sourcecode.swift; path = FipeBrandsAPI.swift; sourceTree = "<group>"; };
		A2C8CD0129D9F9A0000196D2 /* BaseURLServices.swift */ = {isa = PBXFileReference; lastKnownFileType = sourcecode.swift; path = BaseURLServices.swift; sourceTree = "<group>"; };
		A2C8CD0529DA4DFA000196D2 /* ModelosFipeVC.swift */ = {isa = PBXFileReference; lastKnownFileType = sourcecode.swift; path = ModelosFipeVC.swift; sourceTree = "<group>"; };
		A2C8CD0729DA4E67000196D2 /* FipeModelsAPI.swift */ = {isa = PBXFileReference; lastKnownFileType = sourcecode.swift; path = FipeModelsAPI.swift; sourceTree = "<group>"; };
		A2C8CD0929DA4F0D000196D2 /* MarcasFipeViewModel.swift */ = {isa = PBXFileReference; lastKnownFileType = sourcecode.swift; path = MarcasFipeViewModel.swift; sourceTree = "<group>"; };
		A2C8CD0B29DA5D0E000196D2 /* AnoFipeVC.swift */ = {isa = PBXFileReference; lastKnownFileType = sourcecode.swift; path = "AnoFipe\U0010VC.swift"; sourceTree = "<group>"; };
		A2C8CD0D29DA5DDD000196D2 /* FipeYearModelAPI.swift */ = {isa = PBXFileReference; lastKnownFileType = sourcecode.swift; path = FipeYearModelAPI.swift; sourceTree = "<group>"; };
		A2C8CD0F29DA5E68000196D2 /* AnoModeloFipeViewModel.swift */ = {isa = PBXFileReference; lastKnownFileType = sourcecode.swift; path = AnoModeloFipeViewModel.swift; sourceTree = "<group>"; };
		A2C8CD1129DA6862000196D2 /* ResultadoFipeVC.swift */ = {isa = PBXFileReference; lastKnownFileType = sourcecode.swift; path = ResultadoFipeVC.swift; sourceTree = "<group>"; };
		A2C8CD1329DA6A92000196D2 /* FipeCompleteAPI.swift */ = {isa = PBXFileReference; lastKnownFileType = sourcecode.swift; path = FipeCompleteAPI.swift; sourceTree = "<group>"; };
		A2C8CD1529DA6EFD000196D2 /* CompleteFipeViewModel.swift */ = {isa = PBXFileReference; lastKnownFileType = sourcecode.swift; path = CompleteFipeViewModel.swift; sourceTree = "<group>"; };
/* End PBXFileReference section */

/* Begin PBXFrameworksBuildPhase section */
		A230268829CE894D0016EFAF /* Frameworks */ = {
			isa = PBXFrameworksBuildPhase;
			buildActionMask = 2147483647;
			files = (
				A267F5BD29E0D8F00006E817 /* FirebaseMessaging in Frameworks */,
				A267F5B529E0D8F00006E817 /* FirebaseAnalytics in Frameworks */,
				A267F5B929E0D8F00006E817 /* FirebaseCrashlytics in Frameworks */,
				A267F5C429E0E9D60006E817 /* GoogleMobileAds in Frameworks */,
				A267F5BF29E0D8F00006E817 /* FirebaseRemoteConfig in Frameworks */,
				A267F5B729E0D8F00006E817 /* FirebaseAuth in Frameworks */,
				A267F5C129E0D8F00006E817 /* FirebaseStorage in Frameworks */,
				A266D72129E605290093A2F2 /* Reachability in Frameworks */,
				A267F5BB29E0D8F00006E817 /* FirebaseFirestore in Frameworks */,
				A23026A729CEB21D0016EFAF /* Lottie in Frameworks */,
			);
			runOnlyForDeploymentPostprocessing = 0;
		};
/* End PBXFrameworksBuildPhase section */

/* Begin PBXGroup section */
		A230268229CE894D0016EFAF = {
			isa = PBXGroup;
			children = (
				A230268D29CE894D0016EFAF /* Consulta Placa Fipe */,
				A230268C29CE894D0016EFAF /* Products */,
			);
			sourceTree = "<group>";
		};
		A230268C29CE894D0016EFAF /* Products */ = {
			isa = PBXGroup;
			children = (
				A230268B29CE894D0016EFAF /* Consulta Placa Fipe.app */,
			);
			name = Products;
			sourceTree = "<group>";
		};
		A230268D29CE894D0016EFAF /* Consulta Placa Fipe */ = {
			isa = PBXGroup;
			children = (
				A267F5B229E0D6880006E817 /* Consulta Placa Fipe.entitlements */,
				A230269F29CE89500016EFAF /* Info.plist */,
				A267F5A029DFCE960006E817 /* GoogleService-Info.plist */,
				A23026D929CEBAE10016EFAF /* CoreData */,
				A23026C129CEB6660016EFAF /* Extension */,
				A23026BC29CEB5C70016EFAF /* Util */,
				A23026CB29CEB7430016EFAF /* API */,
				A23026A829CEB3770016EFAF /* Supporting Files */,
				A23026D729CEBAB90016EFAF /* Scenes */,
			);
			path = "Consulta Placa Fipe";
			sourceTree = "<group>";
		};
		A23026A829CEB3770016EFAF /* Supporting Files */ = {
			isa = PBXGroup;
			children = (
				A23026B529CEB4160016EFAF /* Fonts */,
				A23026A929CEB3C90016EFAF /* Resource */,
				A230268E29CE894D0016EFAF /* AppDelegate.swift */,
				A230269029CE894D0016EFAF /* SceneDelegate.swift */,
				A230269C29CE89500016EFAF /* LaunchScreen.storyboard */,
				A230269229CE894D0016EFAF /* ViewController.swift */,
				A230269429CE894D0016EFAF /* Main.storyboard */,
			);
			path = "Supporting Files";
			sourceTree = "<group>";
		};
		A23026A929CEB3C90016EFAF /* Resource */ = {
			isa = PBXGroup;
			children = (
				A23026AA29CEB3DF0016EFAF /* Animations */,
				A23026B229CEB3FF0016EFAF /* Assets.xcassets */,
				A23026B129CEB3FD0016EFAF /* Colors.xcassets */,
			);
			path = Resource;
			sourceTree = "<group>";
		};
		A23026AA29CEB3DF0016EFAF /* Animations */ = {
			isa = PBXGroup;
			children = (
				A23026AD29CEB3F00016EFAF /* loading_car_black.json */,
				A23026AB29CEB3F00016EFAF /* loading_car_white.json */,
				A23026AC29CEB3F00016EFAF /* splashScreen.json */,
			);
			path = Animations;
			sourceTree = "<group>";
		};
		A23026B529CEB4160016EFAF /* Fonts */ = {
			isa = PBXGroup;
			children = (
				A23026B629CEB4240016EFAF /* GL-Nummernschild-Eng.ttf */,
			);
			path = Fonts;
			sourceTree = "<group>";
		};
		A23026BC29CEB5C70016EFAF /* Util */ = {
			isa = PBXGroup;
			children = (
				A23026BD29CEB5D50016EFAF /* AlertController.swift */,
				A23026BE29CEB5D60016EFAF /* AnimationLoading.swift */,
				A2C8CCFD29D9F0D6000196D2 /* UtilsPreference.swift */,
			);
			path = Util;
			sourceTree = "<group>";
		};
		A23026C129CEB6660016EFAF /* Extension */ = {
			isa = PBXGroup;
			children = (
				A29402E629D24DDD003EA6EC /* NSMutableAttributedStringExtension.swift */,
				A29402E729D24DDD003EA6EC /* UIDeviceExtension.swift */,
				A29402E529D24DDD003EA6EC /* UITextFieldExtension.swift */,
				A23026C229CEB6740016EFAF /* UIColorExtension.swift */,
			);
			path = Extension;
			sourceTree = "<group>";
		};
		A23026CB29CEB7430016EFAF /* API */ = {
			isa = PBXGroup;
			children = (
				A2C8CD0129D9F9A0000196D2 /* BaseURLServices.swift */,
				A23026CC29CEB7550016EFAF /* ConsultaPlacaServiceAPI.swift */,
				A2C8CCF029D8DE08000196D2 /* FipeReferenceMonthAPI.swift */,
				A2C8CCFF29D9F8EF000196D2 /* FipeBrandsAPI.swift */,
				A2C8CD0729DA4E67000196D2 /* FipeModelsAPI.swift */,
				A2C8CD0D29DA5DDD000196D2 /* FipeYearModelAPI.swift */,
				A2C8CD1329DA6A92000196D2 /* FipeCompleteAPI.swift */,
			);
			path = API;
			sourceTree = "<group>";
		};
		A23026CE29CEB7C40016EFAF /* ViewModel */ = {
			isa = PBXGroup;
			children = (
				A23026CF29CEB7CF0016EFAF /* ConsultaPlacaViewModel.swift */,
			);
			path = ViewModel;
			sourceTree = "<group>";
		};
		A23026D729CEBAB90016EFAF /* Scenes */ = {
			isa = PBXGroup;
			children = (
				A23026DA29CEBB230016EFAF /* ConsultaPlaca */,
				A23026DB29CEBB2D0016EFAF /* Fipe */,
				A23026DC29CEBB340016EFAF /* Favoritos */,
				A23026DD29CEBB390016EFAF /* Configurações */,
			);
			path = Scenes;
			sourceTree = "<group>";
		};
		A23026D929CEBAE10016EFAF /* CoreData */ = {
			isa = PBXGroup;
			children = (
				A230269729CE894D0016EFAF /* Consulta_Placa_Fipe.xcdatamodeld */,
			);
			path = CoreData;
			sourceTree = "<group>";
		};
		A23026DA29CEBB230016EFAF /* ConsultaPlaca */ = {
			isa = PBXGroup;
			children = (
				A23026EA29D0BC010016EFAF /* ViewController */,
				A23026DE29CEBB630016EFAF /* Model */,
				A23026CE29CEB7C40016EFAF /* ViewModel */,
			);
			path = ConsultaPlaca;
			sourceTree = "<group>";
		};
		A23026DB29CEBB2D0016EFAF /* Fipe */ = {
			isa = PBXGroup;
			children = (
				A2C8CCE429D85B36000196D2 /* ViewController */,
				A23026DF29CEBB720016EFAF /* Model */,
				A2C8CCFA29D8E18F000196D2 /* ViewModel */,
			);
			path = Fipe;
			sourceTree = "<group>";
		};
		A23026DC29CEBB340016EFAF /* Favoritos */ = {
			isa = PBXGroup;
			children = (
				A267F59B29DF646B0006E817 /* ViewController */,
				A267F59A29DF64600006E817 /* ViewModel */,
				A23026E529D0BB690016EFAF /* Favoritos.storyboard */,
			);
			path = Favoritos;
			sourceTree = "<group>";
		};
		A23026DD29CEBB390016EFAF /* Configurações */ = {
			isa = PBXGroup;
			children = (
				A23026E829D0BB750016EFAF /* Configuracoes.storyboard */,
			);
			name = "Configurações";
			path = "Configurações";
			sourceTree = "<group>";
		};
		A23026DE29CEBB630016EFAF /* Model */ = {
			isa = PBXGroup;
			children = (
				A23026D329CEB7E40016EFAF /* ConsultaPlacaModel.swift */,
			);
			path = Model;
			sourceTree = "<group>";
		};
		A23026DF29CEBB720016EFAF /* Model */ = {
			isa = PBXGroup;
			children = (
				A23026D229CEB7E40016EFAF /* VehicleTypeModel.swift */,
				A2C8CCF229D8DE45000196D2 /* GenericFipeModel.swift */,
				A2C8CCF429D8DF57000196D2 /* ReferenceMonthModel.swift */,
				A2C8CCF629D8DFD4000196D2 /* VehicleModelsModel.swift */,
				A2C8CCF829D8E047000196D2 /* CompleteFipeModel.swift */,
			);
			path = Model;
			sourceTree = "<group>";
		};
		A23026EA29D0BC010016EFAF /* ViewController */ = {
			isa = PBXGroup;
			children = (
				A23026E029D0BB420016EFAF /* ConsultaPlaca.storyboard */,
				A23026EB29D0BC4A0016EFAF /* ConsultaPlacaVC.swift */,
				A22367AC29D5187900EB9495 /* ResultadoConsultaPlacaVC.swift */,
			);
			path = ViewController;
			sourceTree = "<group>";
		};
		A267F59A29DF64600006E817 /* ViewModel */ = {
			isa = PBXGroup;
			children = (
			);
			path = ViewModel;
			sourceTree = "<group>";
		};
		A267F59B29DF646B0006E817 /* ViewController */ = {
			isa = PBXGroup;
			children = (
				A267F59C29DF64830006E817 /* FavoritosVC.swift */,
			);
			path = ViewController;
			sourceTree = "<group>";
		};
		A2C8CCE429D85B36000196D2 /* ViewController */ = {
			isa = PBXGroup;
			children = (
				A2C8CCE729D85F41000196D2 /* Cell */,
				A23026E329D0BB550016EFAF /* TabelaFipe.storyboard */,
				A2C8CCE529D85E85000196D2 /* TabelaFipeVC.swift */,
				A2C8CCEC29D8DBFB000196D2 /* MarcasFipeVC.swift */,
				A2C8CD0529DA4DFA000196D2 /* ModelosFipeVC.swift */,
				A2C8CD0B29DA5D0E000196D2 /* AnoFipeVC.swift */,
				A2C8CD1129DA6862000196D2 /* ResultadoFipeVC.swift */,
			);
			path = ViewController;
			sourceTree = "<group>";
		};
		A2C8CCE729D85F41000196D2 /* Cell */ = {
			isa = PBXGroup;
			children = (
				A2C8CCE829D85F6C000196D2 /* TabelaFipeVeiculoCell.swift */,
				A2C8CCEE29D8DD63000196D2 /* TabelaFipeGenericCell.swift */,
			);
			path = Cell;
			sourceTree = "<group>";
		};
		A2C8CCFA29D8E18F000196D2 /* ViewModel */ = {
			isa = PBXGroup;
			children = (
				A2C8CCFB29D8E1CB000196D2 /* TabelaFipeViewModel.swift */,
				A2C8CD0929DA4F0D000196D2 /* MarcasFipeViewModel.swift */,
				A2C8CD0F29DA5E68000196D2 /* AnoModeloFipeViewModel.swift */,
				A2C8CD1529DA6EFD000196D2 /* CompleteFipeViewModel.swift */,
			);
			path = ViewModel;
			sourceTree = "<group>";
		};
/* End PBXGroup section */

/* Begin PBXNativeTarget section */
		A230268A29CE894D0016EFAF /* Consulta Placa Fipe */ = {
			isa = PBXNativeTarget;
			buildConfigurationList = A23026A229CE89500016EFAF /* Build configuration list for PBXNativeTarget "Consulta Placa Fipe" */;
			buildPhases = (
				A230268729CE894D0016EFAF /* Sources */,
				A230268829CE894D0016EFAF /* Frameworks */,
				A230268929CE894D0016EFAF /* Resources */,
				A267F5B129DFD2EE0006E817 /* ShellScript */,
			);
			buildRules = (
			);
			dependencies = (
			);
			name = "Consulta Placa Fipe";
			packageProductDependencies = (
				A23026A629CEB21D0016EFAF /* Lottie */,
				A267F5B429E0D8F00006E817 /* FirebaseAnalytics */,
				A267F5B629E0D8F00006E817 /* FirebaseAuth */,
				A267F5B829E0D8F00006E817 /* FirebaseCrashlytics */,
				A267F5BA29E0D8F00006E817 /* FirebaseFirestore */,
				A267F5BC29E0D8F00006E817 /* FirebaseMessaging */,
				A267F5BE29E0D8F00006E817 /* FirebaseRemoteConfig */,
				A267F5C029E0D8F00006E817 /* FirebaseStorage */,
				A267F5C329E0E9D60006E817 /* GoogleMobileAds */,
				A266D72029E605290093A2F2 /* Reachability */,
			);
			productName = "Consulta Placa Fipe";
			productReference = A230268B29CE894D0016EFAF /* Consulta Placa Fipe.app */;
			productType = "com.apple.product-type.application";
		};
/* End PBXNativeTarget section */

/* Begin PBXProject section */
		A230268329CE894D0016EFAF /* Project object */ = {
			isa = PBXProject;
			attributes = {
				BuildIndependentTargetsInParallel = 1;
				LastSwiftUpdateCheck = 1420;
				LastUpgradeCheck = 1420;
				TargetAttributes = {
					A230268A29CE894D0016EFAF = {
						CreatedOnToolsVersion = 14.2;
					};
				};
			};
			buildConfigurationList = A230268629CE894D0016EFAF /* Build configuration list for PBXProject "Consulta Placa Fipe" */;
			compatibilityVersion = "Xcode 14.0";
			developmentRegion = en;
			hasScannedForEncodings = 0;
			knownRegions = (
				en,
				Base,
			);
			mainGroup = A230268229CE894D0016EFAF;
			packageReferences = (
				A23026A529CEB21C0016EFAF /* XCRemoteSwiftPackageReference "lottie-ios" */,
				A267F5B329E0D8F00006E817 /* XCRemoteSwiftPackageReference "firebase-ios-sdk" */,
				A267F5C229E0E9D60006E817 /* XCRemoteSwiftPackageReference "swift-package-manager-google-mobile-ads" */,
				A266D71F29E605290093A2F2 /* XCRemoteSwiftPackageReference "Reachability" */,
			);
			productRefGroup = A230268C29CE894D0016EFAF /* Products */;
			projectDirPath = "";
			projectRoot = "";
			targets = (
				A230268A29CE894D0016EFAF /* Consulta Placa Fipe */,
			);
		};
/* End PBXProject section */

/* Begin PBXResourcesBuildPhase section */
		A230268929CE894D0016EFAF /* Resources */ = {
			isa = PBXResourcesBuildPhase;
			buildActionMask = 2147483647;
			files = (
				A267F5A129DFCE970006E817 /* GoogleService-Info.plist in Resources */,
				A23026AF29CEB3F00016EFAF /* splashScreen.json in Resources */,
				A230269E29CE89500016EFAF /* LaunchScreen.storyboard in Resources */,
				A23026AE29CEB3F00016EFAF /* loading_car_white.json in Resources */,
				A230269629CE894D0016EFAF /* Main.storyboard in Resources */,
				A23026B029CEB3F00016EFAF /* loading_car_black.json in Resources */,
				A23026B429CEB3FF0016EFAF /* Assets.xcassets in Resources */,
				A23026E229D0BB420016EFAF /* ConsultaPlaca.storyboard in Resources */,
				A23026E929D0BB750016EFAF /* Configuracoes.storyboard in Resources */,
				A23026E429D0BB550016EFAF /* TabelaFipe.storyboard in Resources */,
				A23026B329CEB3FF0016EFAF /* Colors.xcassets in Resources */,
				A23026E729D0BB690016EFAF /* Favoritos.storyboard in Resources */,
				A23026B729CEB4240016EFAF /* GL-Nummernschild-Eng.ttf in Resources */,
			);
			runOnlyForDeploymentPostprocessing = 0;
		};
/* End PBXResourcesBuildPhase section */

/* Begin PBXShellScriptBuildPhase section */
		A267F5B129DFD2EE0006E817 /* ShellScript */ = {
			isa = PBXShellScriptBuildPhase;
			alwaysOutOfDate = 1;
			buildActionMask = 2147483647;
			files = (
			);
			inputFileListPaths = (
			);
			inputPaths = (
				"${DWARF_DSYM_FOLDER_PATH}/${DWARF_DSYM_FILE_NAME}/Contents/Resources/DWARF/${TARGET_NAME}",
				"$(SRCROOT)/$(BUILT_PRODUCTS_DIR)/$(INFOPLIST_PATH)",
			);
			outputFileListPaths = (
			);
			outputPaths = (
			);
			runOnlyForDeploymentPostprocessing = 0;
			shellPath = /bin/sh;
			shellScript = "\"${BUILD_DIR%/Build/*}/SourcePackages/checkouts/firebase-ios-sdk/Crashlytics/run\"\n";
		};
/* End PBXShellScriptBuildPhase section */

/* Begin PBXSourcesBuildPhase section */
		A230268729CE894D0016EFAF /* Sources */ = {
			isa = PBXSourcesBuildPhase;
			buildActionMask = 2147483647;
			files = (
				A2C8CCEF29D8DD63000196D2 /* TabelaFipeGenericCell.swift in Sources */,
				A29402EA29D24DDE003EA6EC /* UIDeviceExtension.swift in Sources */,
				A230269929CE894D0016EFAF /* Consulta_Placa_Fipe.xcdatamodeld in Sources */,
				A2C8CD0229D9F9A0000196D2 /* BaseURLServices.swift in Sources */,
				A23026EC29D0BC4A0016EFAF /* ConsultaPlacaVC.swift in Sources */,
				A23026D029CEB7CF0016EFAF /* ConsultaPlacaViewModel.swift in Sources */,
				A23026D629CEB8B60016EFAF /* UIColorExtension.swift in Sources */,
				A29402E929D24DDE003EA6EC /* NSMutableAttributedStringExtension.swift in Sources */,
				A23026CD29CEB7550016EFAF /* ConsultaPlacaServiceAPI.swift in Sources */,
				A2C8CD0E29DA5DDD000196D2 /* FipeYearModelAPI.swift in Sources */,
				A2C8CCF729D8DFD4000196D2 /* VehicleModelsModel.swift in Sources */,
				A230269329CE894D0016EFAF /* ViewController.swift in Sources */,
				A2C8CCE929D85F6C000196D2 /* TabelaFipeVeiculoCell.swift in Sources */,
				A2C8CD0629DA4DFA000196D2 /* ModelosFipeVC.swift in Sources */,
				A2C8CCF529D8DF57000196D2 /* ReferenceMonthModel.swift in Sources */,
				A23026D429CEB7E40016EFAF /* VehicleTypeModel.swift in Sources */,
				A29402E829D24DDE003EA6EC /* UITextFieldExtension.swift in Sources */,
				A2C8CD0029D9F8EF000196D2 /* FipeBrandsAPI.swift in Sources */,
				A2C8CCED29D8DBFB000196D2 /* MarcasFipeVC.swift in Sources */,
				A23026C029CEB6090016EFAF /* AnimationLoading.swift in Sources */,
				A2C8CD1229DA6862000196D2 /* ResultadoFipeVC.swift in Sources */,
				A2C8CD0829DA4E67000196D2 /* FipeModelsAPI.swift in Sources */,
				A230268F29CE894D0016EFAF /* AppDelegate.swift in Sources */,
				A2C8CD1629DA6EFD000196D2 /* CompleteFipeViewModel.swift in Sources */,
				A2C8CD0C29DA5D0E000196D2 /* AnoFipeVC.swift in Sources */,
				A2C8CCFC29D8E1CB000196D2 /* TabelaFipeViewModel.swift in Sources */,
				A2C8CD1029DA5E68000196D2 /* AnoModeloFipeViewModel.swift in Sources */,
				A23026D529CEB7E40016EFAF /* ConsultaPlacaModel.swift in Sources */,
				A2C8CCE629D85E85000196D2 /* TabelaFipeVC.swift in Sources */,
				A2C8CCF329D8DE45000196D2 /* GenericFipeModel.swift in Sources */,
				A2C8CCFE29D9F0D6000196D2 /* UtilsPreference.swift in Sources */,
				A2C8CCF929D8E047000196D2 /* CompleteFipeModel.swift in Sources */,
				A2C8CD1429DA6A92000196D2 /* FipeCompleteAPI.swift in Sources */,
				A267F59D29DF64830006E817 /* FavoritosVC.swift in Sources */,
				A2C8CD0A29DA4F0D000196D2 /* MarcasFipeViewModel.swift in Sources */,
				A23026BF29CEB6060016EFAF /* AlertController.swift in Sources */,
				A2C8CCF129D8DE08000196D2 /* FipeReferenceMonthAPI.swift in Sources */,
				A230269129CE894D0016EFAF /* SceneDelegate.swift in Sources */,
				A22367AD29D5187900EB9495 /* ResultadoConsultaPlacaVC.swift in Sources */,
			);
			runOnlyForDeploymentPostprocessing = 0;
		};
/* End PBXSourcesBuildPhase section */

/* Begin PBXVariantGroup section */
		A230269429CE894D0016EFAF /* Main.storyboard */ = {
			isa = PBXVariantGroup;
			children = (
				A230269529CE894D0016EFAF /* Base */,
			);
			name = Main.storyboard;
			sourceTree = "<group>";
		};
		A230269C29CE89500016EFAF /* LaunchScreen.storyboard */ = {
			isa = PBXVariantGroup;
			children = (
				A230269D29CE89500016EFAF /* Base */,
			);
			name = LaunchScreen.storyboard;
			sourceTree = "<group>";
		};
		A23026E029D0BB420016EFAF /* ConsultaPlaca.storyboard */ = {
			isa = PBXVariantGroup;
			children = (
				A23026E129D0BB420016EFAF /* Base */,
			);
			name = ConsultaPlaca.storyboard;
			sourceTree = "<group>";
		};
		A23026E529D0BB690016EFAF /* Favoritos.storyboard */ = {
			isa = PBXVariantGroup;
			children = (
				A23026E629D0BB690016EFAF /* Base */,
			);
			name = Favoritos.storyboard;
			sourceTree = "<group>";
		};
/* End PBXVariantGroup section */

/* Begin XCBuildConfiguration section */
		A23026A029CE89500016EFAF /* Debug */ = {
			isa = XCBuildConfiguration;
			buildSettings = {
				ALWAYS_SEARCH_USER_PATHS = NO;
				CLANG_ANALYZER_NONNULL = YES;
				CLANG_ANALYZER_NUMBER_OBJECT_CONVERSION = YES_AGGRESSIVE;
				CLANG_CXX_LANGUAGE_STANDARD = "gnu++20";
				CLANG_ENABLE_MODULES = YES;
				CLANG_ENABLE_OBJC_ARC = YES;
				CLANG_ENABLE_OBJC_WEAK = YES;
				CLANG_WARN_BLOCK_CAPTURE_AUTORELEASING = YES;
				CLANG_WARN_BOOL_CONVERSION = YES;
				CLANG_WARN_COMMA = YES;
				CLANG_WARN_CONSTANT_CONVERSION = YES;
				CLANG_WARN_DEPRECATED_OBJC_IMPLEMENTATIONS = YES;
				CLANG_WARN_DIRECT_OBJC_ISA_USAGE = YES_ERROR;
				CLANG_WARN_DOCUMENTATION_COMMENTS = YES;
				CLANG_WARN_EMPTY_BODY = YES;
				CLANG_WARN_ENUM_CONVERSION = YES;
				CLANG_WARN_INFINITE_RECURSION = YES;
				CLANG_WARN_INT_CONVERSION = YES;
				CLANG_WARN_NON_LITERAL_NULL_CONVERSION = YES;
				CLANG_WARN_OBJC_IMPLICIT_RETAIN_SELF = YES;
				CLANG_WARN_OBJC_LITERAL_CONVERSION = YES;
				CLANG_WARN_OBJC_ROOT_CLASS = YES_ERROR;
				CLANG_WARN_QUOTED_INCLUDE_IN_FRAMEWORK_HEADER = YES;
				CLANG_WARN_RANGE_LOOP_ANALYSIS = YES;
				CLANG_WARN_STRICT_PROTOTYPES = YES;
				CLANG_WARN_SUSPICIOUS_MOVE = YES;
				CLANG_WARN_UNGUARDED_AVAILABILITY = YES_AGGRESSIVE;
				CLANG_WARN_UNREACHABLE_CODE = YES;
				CLANG_WARN__DUPLICATE_METHOD_MATCH = YES;
				COPY_PHASE_STRIP = NO;
				DEBUG_INFORMATION_FORMAT = dwarf;
				ENABLE_STRICT_OBJC_MSGSEND = YES;
				ENABLE_TESTABILITY = YES;
				GCC_C_LANGUAGE_STANDARD = gnu11;
				GCC_DYNAMIC_NO_PIC = NO;
				GCC_NO_COMMON_BLOCKS = YES;
				GCC_OPTIMIZATION_LEVEL = 0;
				GCC_PREPROCESSOR_DEFINITIONS = (
					"DEBUG=1",
					"$(inherited)",
				);
				GCC_WARN_64_TO_32_BIT_CONVERSION = YES;
				GCC_WARN_ABOUT_RETURN_TYPE = YES_ERROR;
				GCC_WARN_UNDECLARED_SELECTOR = YES;
				GCC_WARN_UNINITIALIZED_AUTOS = YES_AGGRESSIVE;
				GCC_WARN_UNUSED_FUNCTION = YES;
				GCC_WARN_UNUSED_VARIABLE = YES;
				IPHONEOS_DEPLOYMENT_TARGET = 16.2;
				MTL_ENABLE_DEBUG_INFO = INCLUDE_SOURCE;
				MTL_FAST_MATH = YES;
				ONLY_ACTIVE_ARCH = YES;
				SDKROOT = iphoneos;
				SWIFT_ACTIVE_COMPILATION_CONDITIONS = DEBUG;
				SWIFT_OPTIMIZATION_LEVEL = "-Onone";
			};
			name = Debug;
		};
		A23026A129CE89500016EFAF /* Release */ = {
			isa = XCBuildConfiguration;
			buildSettings = {
				ALWAYS_SEARCH_USER_PATHS = NO;
				CLANG_ANALYZER_NONNULL = YES;
				CLANG_ANALYZER_NUMBER_OBJECT_CONVERSION = YES_AGGRESSIVE;
				CLANG_CXX_LANGUAGE_STANDARD = "gnu++20";
				CLANG_ENABLE_MODULES = YES;
				CLANG_ENABLE_OBJC_ARC = YES;
				CLANG_ENABLE_OBJC_WEAK = YES;
				CLANG_WARN_BLOCK_CAPTURE_AUTORELEASING = YES;
				CLANG_WARN_BOOL_CONVERSION = YES;
				CLANG_WARN_COMMA = YES;
				CLANG_WARN_CONSTANT_CONVERSION = YES;
				CLANG_WARN_DEPRECATED_OBJC_IMPLEMENTATIONS = YES;
				CLANG_WARN_DIRECT_OBJC_ISA_USAGE = YES_ERROR;
				CLANG_WARN_DOCUMENTATION_COMMENTS = YES;
				CLANG_WARN_EMPTY_BODY = YES;
				CLANG_WARN_ENUM_CONVERSION = YES;
				CLANG_WARN_INFINITE_RECURSION = YES;
				CLANG_WARN_INT_CONVERSION = YES;
				CLANG_WARN_NON_LITERAL_NULL_CONVERSION = YES;
				CLANG_WARN_OBJC_IMPLICIT_RETAIN_SELF = YES;
				CLANG_WARN_OBJC_LITERAL_CONVERSION = YES;
				CLANG_WARN_OBJC_ROOT_CLASS = YES_ERROR;
				CLANG_WARN_QUOTED_INCLUDE_IN_FRAMEWORK_HEADER = YES;
				CLANG_WARN_RANGE_LOOP_ANALYSIS = YES;
				CLANG_WARN_STRICT_PROTOTYPES = YES;
				CLANG_WARN_SUSPICIOUS_MOVE = YES;
				CLANG_WARN_UNGUARDED_AVAILABILITY = YES_AGGRESSIVE;
				CLANG_WARN_UNREACHABLE_CODE = YES;
				CLANG_WARN__DUPLICATE_METHOD_MATCH = YES;
				COPY_PHASE_STRIP = NO;
				DEBUG_INFORMATION_FORMAT = "dwarf-with-dsym";
				ENABLE_NS_ASSERTIONS = NO;
				ENABLE_STRICT_OBJC_MSGSEND = YES;
				GCC_C_LANGUAGE_STANDARD = gnu11;
				GCC_NO_COMMON_BLOCKS = YES;
				GCC_WARN_64_TO_32_BIT_CONVERSION = YES;
				GCC_WARN_ABOUT_RETURN_TYPE = YES_ERROR;
				GCC_WARN_UNDECLARED_SELECTOR = YES;
				GCC_WARN_UNINITIALIZED_AUTOS = YES_AGGRESSIVE;
				GCC_WARN_UNUSED_FUNCTION = YES;
				GCC_WARN_UNUSED_VARIABLE = YES;
				IPHONEOS_DEPLOYMENT_TARGET = 16.2;
				MTL_ENABLE_DEBUG_INFO = NO;
				MTL_FAST_MATH = YES;
				SDKROOT = iphoneos;
				SWIFT_COMPILATION_MODE = wholemodule;
				SWIFT_OPTIMIZATION_LEVEL = "-O";
				VALIDATE_PRODUCT = YES;
			};
			name = Release;
		};
		A23026A329CE89500016EFAF /* Debug */ = {
			isa = XCBuildConfiguration;
			buildSettings = {
				ASSETCATALOG_COMPILER_APPICON_NAME = AppIcon;
				ASSETCATALOG_COMPILER_GLOBAL_ACCENT_COLOR_NAME = AccentColor;
				ASSETCATALOG_COMPILER_INCLUDE_ALL_APPICON_ASSETS = YES;
				CODE_SIGN_ENTITLEMENTS = "Consulta Placa Fipe/Consulta Placa Fipe.entitlements";
				CODE_SIGN_STYLE = Automatic;
				CURRENT_PROJECT_VERSION = 1.0.0;
				DEBUG_INFORMATION_FORMAT = "dwarf-with-dsym";
				DEVELOPMENT_TEAM = 2E384GW2PK;
				GENERATE_INFOPLIST_FILE = YES;
				INFOPLIST_FILE = "Consulta Placa Fipe/Info.plist";
				INFOPLIST_KEY_CFBundleDisplayName = "Placa e FIPE";
				INFOPLIST_KEY_UIApplicationSupportsIndirectInputEvents = YES;
				INFOPLIST_KEY_UILaunchStoryboardName = LaunchScreen;
				INFOPLIST_KEY_UIMainStoryboardFile = Main;
				INFOPLIST_KEY_UISupportedInterfaceOrientations = UIInterfaceOrientationPortrait;
				INFOPLIST_KEY_UISupportedInterfaceOrientations_iPad = "UIInterfaceOrientationLandscapeLeft UIInterfaceOrientationLandscapeRight UIInterfaceOrientationPortrait UIInterfaceOrientationPortraitUpsideDown";
				IPHONEOS_DEPLOYMENT_TARGET = 13.0;
				LD_RUNPATH_SEARCH_PATHS = (
					"$(inherited)",
					"@executable_path/Frameworks",
				);
				MARKETING_VERSION = 1.0.0;
				OTHER_LDFLAGS = "-ObjC";
				PRODUCT_BUNDLE_IDENTIFIER = com.lbmobileapps.consultafipeplaca;
				PRODUCT_NAME = "$(TARGET_NAME)";
				SUPPORTED_PLATFORMS = "iphoneos iphonesimulator";
				SUPPORTS_MACCATALYST = NO;
				SUPPORTS_MAC_DESIGNED_FOR_IPHONE_IPAD = NO;
				SWIFT_EMIT_LOC_STRINGS = YES;
				SWIFT_VERSION = 5.0;
				TARGETED_DEVICE_FAMILY = 1;
			};
			name = Debug;
		};
		A23026A429CE89500016EFAF /* Release */ = {
			isa = XCBuildConfiguration;
			buildSettings = {
				ASSETCATALOG_COMPILER_APPICON_NAME = AppIcon;
				ASSETCATALOG_COMPILER_GLOBAL_ACCENT_COLOR_NAME = AccentColor;
				ASSETCATALOG_COMPILER_INCLUDE_ALL_APPICON_ASSETS = YES;
				CODE_SIGN_ENTITLEMENTS = "Consulta Placa Fipe/Consulta Placa Fipe.entitlements";
				CODE_SIGN_STYLE = Automatic;
				CURRENT_PROJECT_VERSION = 1.0.0;
				DEVELOPMENT_TEAM = 2E384GW2PK;
				GENERATE_INFOPLIST_FILE = YES;
				INFOPLIST_FILE = "Consulta Placa Fipe/Info.plist";
				INFOPLIST_KEY_CFBundleDisplayName = "Placa e FIPE";
				INFOPLIST_KEY_UIApplicationSupportsIndirectInputEvents = YES;
				INFOPLIST_KEY_UILaunchStoryboardName = LaunchScreen;
				INFOPLIST_KEY_UIMainStoryboardFile = Main;
				INFOPLIST_KEY_UISupportedInterfaceOrientations = UIInterfaceOrientationPortrait;
				INFOPLIST_KEY_UISupportedInterfaceOrientations_iPad = "UIInterfaceOrientationLandscapeLeft UIInterfaceOrientationLandscapeRight UIInterfaceOrientationPortrait UIInterfaceOrientationPortraitUpsideDown";
				IPHONEOS_DEPLOYMENT_TARGET = 13.0;
				LD_RUNPATH_SEARCH_PATHS = (
					"$(inherited)",
					"@executable_path/Frameworks",
				);
				MARKETING_VERSION = 1.0.0;
				OTHER_LDFLAGS = "-ObjC";
				PRODUCT_BUNDLE_IDENTIFIER = com.lbmobileapps.consultafipeplaca;
				PRODUCT_NAME = "$(TARGET_NAME)";
				SUPPORTED_PLATFORMS = "iphoneos iphonesimulator";
				SUPPORTS_MACCATALYST = NO;
				SUPPORTS_MAC_DESIGNED_FOR_IPHONE_IPAD = NO;
				SWIFT_EMIT_LOC_STRINGS = YES;
				SWIFT_VERSION = 5.0;
				TARGETED_DEVICE_FAMILY = 1;
			};
			name = Release;
		};
/* End XCBuildConfiguration section */

/* Begin XCConfigurationList section */
		A230268629CE894D0016EFAF /* Build configuration list for PBXProject "Consulta Placa Fipe" */ = {
			isa = XCConfigurationList;
			buildConfigurations = (
				A23026A029CE89500016EFAF /* Debug */,
				A23026A129CE89500016EFAF /* Release */,
			);
			defaultConfigurationIsVisible = 0;
			defaultConfigurationName = Release;
		};
		A23026A229CE89500016EFAF /* Build configuration list for PBXNativeTarget "Consulta Placa Fipe" */ = {
			isa = XCConfigurationList;
			buildConfigurations = (
				A23026A329CE89500016EFAF /* Debug */,
				A23026A429CE89500016EFAF /* Release */,
			);
			defaultConfigurationIsVisible = 0;
			defaultConfigurationName = Release;
		};
/* End XCConfigurationList section */

/* Begin XCRemoteSwiftPackageReference section */
		A23026A529CEB21C0016EFAF /* XCRemoteSwiftPackageReference "lottie-ios" */ = {
			isa = XCRemoteSwiftPackageReference;
			repositoryURL = "https://github.com/airbnb/lottie-ios.git";
			requirement = {
				kind = upToNextMajorVersion;
				minimumVersion = 4.0.0;
			};
		};
		A266D71F29E605290093A2F2 /* XCRemoteSwiftPackageReference "Reachability" */ = {
			isa = XCRemoteSwiftPackageReference;
			repositoryURL = "https://github.com/ashleymills/Reachability.swift";
			requirement = {
				branch = master;
				kind = branch;
			};
		};
		A267F5B329E0D8F00006E817 /* XCRemoteSwiftPackageReference "firebase-ios-sdk" */ = {
			isa = XCRemoteSwiftPackageReference;
			repositoryURL = "https://github.com/firebase/firebase-ios-sdk";
			requirement = {
				kind = upToNextMajorVersion;
				minimumVersion = 10.0.0;
			};
		};
		A267F5C229E0E9D60006E817 /* XCRemoteSwiftPackageReference "swift-package-manager-google-mobile-ads" */ = {
			isa = XCRemoteSwiftPackageReference;
			repositoryURL = "https://github.com/googleads/swift-package-manager-google-mobile-ads";
			requirement = {
				kind = upToNextMajorVersion;
				minimumVersion = 10.0.0;
			};
		};
/* End XCRemoteSwiftPackageReference section */

/* Begin XCSwiftPackageProductDependency section */
		A23026A629CEB21D0016EFAF /* Lottie */ = {
			isa = XCSwiftPackageProductDependency;
			package = A23026A529CEB21C0016EFAF /* XCRemoteSwiftPackageReference "lottie-ios" */;
			productName = Lottie;
		};
		A266D72029E605290093A2F2 /* Reachability */ = {
			isa = XCSwiftPackageProductDependency;
			package = A266D71F29E605290093A2F2 /* XCRemoteSwiftPackageReference "Reachability" */;
			productName = Reachability;
		};
		A267F5B429E0D8F00006E817 /* FirebaseAnalytics */ = {
			isa = XCSwiftPackageProductDependency;
			package = A267F5B329E0D8F00006E817 /* XCRemoteSwiftPackageReference "firebase-ios-sdk" */;
			productName = FirebaseAnalytics;
		};
		A267F5B629E0D8F00006E817 /* FirebaseAuth */ = {
			isa = XCSwiftPackageProductDependency;
			package = A267F5B329E0D8F00006E817 /* XCRemoteSwiftPackageReference "firebase-ios-sdk" */;
			productName = FirebaseAuth;
		};
		A267F5B829E0D8F00006E817 /* FirebaseCrashlytics */ = {
			isa = XCSwiftPackageProductDependency;
			package = A267F5B329E0D8F00006E817 /* XCRemoteSwiftPackageReference "firebase-ios-sdk" */;
			productName = FirebaseCrashlytics;
		};
		A267F5BA29E0D8F00006E817 /* FirebaseFirestore */ = {
			isa = XCSwiftPackageProductDependency;
			package = A267F5B329E0D8F00006E817 /* XCRemoteSwiftPackageReference "firebase-ios-sdk" */;
			productName = FirebaseFirestore;
		};
		A267F5BC29E0D8F00006E817 /* FirebaseMessaging */ = {
			isa = XCSwiftPackageProductDependency;
			package = A267F5B329E0D8F00006E817 /* XCRemoteSwiftPackageReference "firebase-ios-sdk" */;
			productName = FirebaseMessaging;
		};
		A267F5BE29E0D8F00006E817 /* FirebaseRemoteConfig */ = {
			isa = XCSwiftPackageProductDependency;
			package = A267F5B329E0D8F00006E817 /* XCRemoteSwiftPackageReference "firebase-ios-sdk" */;
			productName = FirebaseRemoteConfig;
		};
		A267F5C029E0D8F00006E817 /* FirebaseStorage */ = {
			isa = XCSwiftPackageProductDependency;
			package = A267F5B329E0D8F00006E817 /* XCRemoteSwiftPackageReference "firebase-ios-sdk" */;
			productName = FirebaseStorage;
		};
		A267F5C329E0E9D60006E817 /* GoogleMobileAds */ = {
			isa = XCSwiftPackageProductDependency;
			package = A267F5C229E0E9D60006E817 /* XCRemoteSwiftPackageReference "swift-package-manager-google-mobile-ads" */;
			productName = GoogleMobileAds;
		};
/* End XCSwiftPackageProductDependency section */

/* Begin XCVersionGroup section */
		A230269729CE894D0016EFAF /* Consulta_Placa_Fipe.xcdatamodeld */ = {
			isa = XCVersionGroup;
			children = (
				A230269829CE894D0016EFAF /* Consulta_Placa_Fipe.xcdatamodel */,
			);
			currentVersion = A230269829CE894D0016EFAF /* Consulta_Placa_Fipe.xcdatamodel */;
			path = Consulta_Placa_Fipe.xcdatamodeld;
			sourceTree = "<group>";
			versionGroupType = wrapper.xcdatamodel;
		};
/* End XCVersionGroup section */
	};
	rootObject = A230268329CE894D0016EFAF /* Project object */;
}
